
Microsoft Visual Studio Solution File, Format Version 12.00
# Visual Studio Version 17
VisualStudioVersion = 17.13.35913.81 d17.13
MinimumVisualStudioVersion = 10.0.40219.1
Project("{FAE04EC0-301F-11D3-BF4B-00C04F79EFBC}") = "Projekt Vaheajaks", "Projekt Vaheajaks.csproj", "{FC587C82-8C51-4A30-9A18-847A25E22F1E}"
EndProject
Global
	GlobalSection(SolutionConfigurationPlatforms) = preSolution
		Debug|Any CPU = Debug|Any CPU
		Release|Any CPU = Release|Any CPU
	EndGlobalSection
	GlobalSection(ProjectConfigurationPlatforms) = postSolution
		{FC587C82-8C51-4A30-9A18-847A25E22F1E}.Debug|Any CPU.ActiveCfg = Debug|Any CPU
		{FC587C82-8C51-4A30-9A18-847A25E22F1E}.Debug|Any CPU.Build.0 = Debug|Any CPU
		{FC587C82-8C51-4A30-9A18-847A25E22F1E}.Release|Any CPU.ActiveCfg = Release|Any CPU
		{FC587C82-8C51-4A30-9A18-847A25E22F1E}.Release|Any CPU.Build.0 = Release|Any CPU
	EndGlobalSection
	GlobalSection(SolutionProperties) = preSolution
		HideSolutionNode = FALSE
	EndGlobalSection
	GlobalSection(ExtensibilityGlobals) = postSolution
		SolutionGuid = {D20E7D2E-77EE-438B-8F2C-B898DBB2BCEB}
	EndGlobalSection
EndGlobal
